
Microsoft Visual Studio Solution File, Format Version 12.00
# Visual Studio Version 17
VisualStudioVersion = 17.14.36518.9 d17.14
MinimumVisualStudioVersion = 10.0.40219.1
Project("{FAE04EC0-301F-11D3-BF4B-00C04F79EFBC}") = "SimpleBookingApp", "SimpleBookingApp\SimpleBookingApp.csproj", "{CF213A9D-88A2-4239-BD62-C5EEC4BE4858}"
EndProject
Global
	GlobalSection(SolutionConfigurationPlatforms) = preSolution
		Debug|Any CPU = Debug|Any CPU
		Release|Any CPU = Release|Any CPU
	EndGlobalSection
	GlobalSection(ProjectConfigurationPlatforms) = postSolution
		{CF213A9D-88A2-4239-BD62-C5EEC4BE4858}.Debug|Any CPU.ActiveCfg = Debug|Any CPU
		{CF213A9D-88A2-4239-BD62-C5EEC4BE4858}.Debug|Any CPU.Build.0 = Debug|Any CPU
		{CF213A9D-88A2-4239-BD62-C5EEC4BE4858}.Release|Any CPU.ActiveCfg = Release|Any CPU
		{CF213A9D-88A2-4239-BD62-C5EEC4BE4858}.Release|Any CPU.Build.0 = Release|Any CPU
	EndGlobalSection
	GlobalSection(SolutionProperties) = preSolution
		HideSolutionNode = FALSE
	EndGlobalSection
	GlobalSection(ExtensibilityGlobals) = postSolution
		SolutionGuid = {45AD06EA-A3E7-4BF6-B0B6-9A773006D608}
	EndGlobalSection
EndGlobal
